
Microsoft Visual Studio Solution File, Format Version 12.00
# Visual Studio 15
VisualStudioVersion = 15.0.28307.902
MinimumVisualStudioVersion = 10.0.40219.1
Project("{FAE04EC0-301F-11D3-BF4B-00C04F79EFBC}") = "AngularJs.Demo", "AngularJs.Demo\AngularJs.Demo.csproj", "{249C233D-1666-4864-B0CA-0CE6E7E4E61E}"
EndProject
Global
	GlobalSection(SolutionConfigurationPlatforms) = preSolution
		Debug|Any CPU = Debug|Any CPU
		Release|Any CPU = Release|Any CPU
	EndGlobalSection
	GlobalSection(ProjectConfigurationPlatforms) = postSolution
		{249C233D-1666-4864-B0CA-0CE6E7E4E61E}.Debug|Any CPU.ActiveCfg = Debug|Any CPU
		{249C233D-1666-4864-B0CA-0CE6E7E4E61E}.Debug|Any CPU.Build.0 = Debug|Any CPU
		{249C233D-1666-4864-B0CA-0CE6E7E4E61E}.Release|Any CPU.ActiveCfg = Release|Any CPU
		{249C233D-1666-4864-B0CA-0CE6E7E4E61E}.Release|Any CPU.Build.0 = Release|Any CPU
	EndGlobalSection
	GlobalSection(SolutionProperties) = preSolution
		HideSolutionNode = FALSE
	EndGlobalSection
	GlobalSection(ExtensibilityGlobals) = postSolution
		SolutionGuid = {2BF5B3CE-DE9D-4AD9-9C01-B3B963509C86}
	EndGlobalSection
EndGlobal
